
Microsoft Visual Studio Solution File, Format Version 12.00
# Visual Studio Version 17
VisualStudioVersion = 17.6.33829.357
MinimumVisualStudioVersion = 10.0.40219.1
Project("{FAE04EC0-301F-11D3-BF4B-00C04F79EFBC}") = "Barcode Scanner", "Barcode Scanner\Barcode Scanner.csproj", "{A175FFCD-553F-437B-ABD4-9C0ACD387F3D}"
EndProject
Global
	GlobalSection(SolutionConfigurationPlatforms) = preSolution
		Debug|ARM64 = Debug|ARM64
		Debug|x64 = Debug|x64
		Debug|x86 = Debug|x86
		Release|ARM64 = Release|ARM64
		Release|x64 = Release|x64
		Release|x86 = Release|x86
	EndGlobalSection
	GlobalSection(ProjectConfigurationPlatforms) = postSolution
		{A175FFCD-553F-437B-ABD4-9C0ACD387F3D}.Debug|ARM64.ActiveCfg = Debug|ARM64
		{A175FFCD-553F-437B-ABD4-9C0ACD387F3D}.Debug|ARM64.Build.0 = Debug|ARM64
		{A175FFCD-553F-437B-ABD4-9C0ACD387F3D}.Debug|ARM64.Deploy.0 = Debug|ARM64
		{A175FFCD-553F-437B-ABD4-9C0ACD387F3D}.Debug|x64.ActiveCfg = Debug|x64
		{A175FFCD-553F-437B-ABD4-9C0ACD387F3D}.Debug|x64.Build.0 = Debug|x64
		{A175FFCD-553F-437B-ABD4-9C0ACD387F3D}.Debug|x64.Deploy.0 = Debug|x64
		{A175FFCD-553F-437B-ABD4-9C0ACD387F3D}.Debug|x86.ActiveCfg = Debug|x86
		{A175FFCD-553F-437B-ABD4-9C0ACD387F3D}.Debug|x86.Build.0 = Debug|x86
		{A175FFCD-553F-437B-ABD4-9C0ACD387F3D}.Debug|x86.Deploy.0 = Debug|x86
		{A175FFCD-553F-437B-ABD4-9C0ACD387F3D}.Release|ARM64.ActiveCfg = Release|ARM64
		{A175FFCD-553F-437B-ABD4-9C0ACD387F3D}.Release|ARM64.Build.0 = Release|ARM64
		{A175FFCD-553F-437B-ABD4-9C0ACD387F3D}.Release|ARM64.Deploy.0 = Release|ARM64
		{A175FFCD-553F-437B-ABD4-9C0ACD387F3D}.Release|x64.ActiveCfg = Release|x64
		{A175FFCD-553F-437B-ABD4-9C0ACD387F3D}.Release|x64.Build.0 = Release|x64
		{A175FFCD-553F-437B-ABD4-9C0ACD387F3D}.Release|x64.Deploy.0 = Release|x64
		{A175FFCD-553F-437B-ABD4-9C0ACD387F3D}.Release|x86.ActiveCfg = Release|x86
		{A175FFCD-553F-437B-ABD4-9C0ACD387F3D}.Release|x86.Build.0 = Release|x86
		{A175FFCD-553F-437B-ABD4-9C0ACD387F3D}.Release|x86.Deploy.0 = Release|x86
	EndGlobalSection
	GlobalSection(SolutionProperties) = preSolution
		HideSolutionNode = FALSE
	EndGlobalSection
	GlobalSection(ExtensibilityGlobals) = postSolution
		SolutionGuid = {7F05ABFF-82C1-49FF-9BF4-9CEF26D86A90}
	EndGlobalSection
EndGlobal
